
Microsoft Visual Studio Solution File, Format Version 12.00
# Visual Studio Version 17
VisualStudioVersion = 17.4.33205.214
MinimumVisualStudioVersion = 10.0.40219.1
Project("{FAE04EC0-301F-11D3-BF4B-00C04F79EFBC}") = "ClinicalSystem", "ClinicalSystem\ClinicalSystem.csproj", "{284F859A-11D7-4AD8-9BB5-975653B9362E}"
EndProject
Project("{FAE04EC0-301F-11D3-BF4B-00C04F79EFBC}") = "ClinicalSystem.Repository", "ClinicalSystem.Repository\ClinicalSystem.Repository.csproj", "{2D809624-CAE1-4B4C-92A0-95C3EA1EDCB2}"
EndProject
Global
	GlobalSection(SolutionConfigurationPlatforms) = preSolution
		Debug|Any CPU = Debug|Any CPU
		Release|Any CPU = Release|Any CPU
	EndGlobalSection
	GlobalSection(ProjectConfigurationPlatforms) = postSolution
		{284F859A-11D7-4AD8-9BB5-975653B9362E}.Debug|Any CPU.ActiveCfg = Debug|Any CPU
		{284F859A-11D7-4AD8-9BB5-975653B9362E}.Debug|Any CPU.Build.0 = Debug|Any CPU
		{284F859A-11D7-4AD8-9BB5-975653B9362E}.Release|Any CPU.ActiveCfg = Release|Any CPU
		{284F859A-11D7-4AD8-9BB5-975653B9362E}.Release|Any CPU.Build.0 = Release|Any CPU
		{2D809624-CAE1-4B4C-92A0-95C3EA1EDCB2}.Debug|Any CPU.ActiveCfg = Debug|Any CPU
		{2D809624-CAE1-4B4C-92A0-95C3EA1EDCB2}.Debug|Any CPU.Build.0 = Debug|Any CPU
		{2D809624-CAE1-4B4C-92A0-95C3EA1EDCB2}.Release|Any CPU.ActiveCfg = Release|Any CPU
		{2D809624-CAE1-4B4C-92A0-95C3EA1EDCB2}.Release|Any CPU.Build.0 = Release|Any CPU
	EndGlobalSection
	GlobalSection(SolutionProperties) = preSolution
		HideSolutionNode = FALSE
	EndGlobalSection
	GlobalSection(ExtensibilityGlobals) = postSolution
		SolutionGuid = {69ADC4E4-04B5-434B-AEAD-32D5C9FDA98B}
	EndGlobalSection
EndGlobal
